// !$*UTF8*$!
{
	archiveVersion = 1;
	classes = {
	};
	objectVersion = 56;
	objects = {

/* Begin PBXBuildFile section */
		F9D9D4AE2A0A242000D39CAC /* AppDelegate.swift in Sources */ = {isa = PBXBuildFile; fileRef = F9D9D4AD2A0A242000D39CAC /* AppDelegate.swift */; };
		F9D9D4B02A0A242000D39CAC /* SceneDelegate.swift in Sources */ = {isa = PBXBuildFile; fileRef = F9D9D4AF2A0A242000D39CAC /* SceneDelegate.swift */; };
		F9D9D4B22A0A242000D39CAC /* LoginViewController.swift in Sources */ = {isa = PBXBuildFile; fileRef = F9D9D4B12A0A242000D39CAC /* LoginViewController.swift */; };
		F9D9D4B52A0A242000D39CAC /* Main.storyboard in Resources */ = {isa = PBXBuildFile; fileRef = F9D9D4B32A0A242000D39CAC /* Main.storyboard */; };
		F9D9D4B72A0A242200D39CAC /* Assets.xcassets in Resources */ = {isa = PBXBuildFile; fileRef = F9D9D4B62A0A242200D39CAC /* Assets.xcassets */; };
		F9D9D4BA2A0A242200D39CAC /* LaunchScreen.storyboard in Resources */ = {isa = PBXBuildFile; fileRef = F9D9D4B82A0A242200D39CAC /* LaunchScreen.storyboard */; };
		F9D9D4C22A0A63F800D39CAC /* WelcomeViewController.swift in Sources */ = {isa = PBXBuildFile; fileRef = F9D9D4C12A0A63F800D39CAC /* WelcomeViewController.swift */; };
		F9D9D4C42A10AC8500D39CAC /* EducationViewController.swift in Sources */ = {isa = PBXBuildFile; fileRef = F9D9D4C32A10AC8500D39CAC /* EducationViewController.swift */; };
		F9D9D4C62A10AC9400D39CAC /* TravelViewController.swift in Sources */ = {isa = PBXBuildFile; fileRef = F9D9D4C52A10AC9400D39CAC /* TravelViewController.swift */; };
		F9D9D4CD2A10B26800D39CAC /* Person.swift in Sources */ = {isa = PBXBuildFile; fileRef = F9D9D4CC2A10B26800D39CAC /* Person.swift */; };
/* End PBXBuildFile section */

/* Begin PBXFileReference section */
		F9D9D4AA2A0A242000D39CAC /* LogInApp.app */ = {isa = PBXFileReference; explicitFileType = wrapper.application; includeInIndex = 0; path = LogInApp.app; sourceTree = BUILT_PRODUCTS_DIR; };
		F9D9D4AD2A0A242000D39CAC /* AppDelegate.swift */ = {isa = PBXFileReference; lastKnownFileType = sourcecode.swift; path = AppDelegate.swift; sourceTree = "<group>"; };
		F9D9D4AF2A0A242000D39CAC /* SceneDelegate.swift */ = {isa = PBXFileReference; lastKnownFileType = sourcecode.swift; path = SceneDelegate.swift; sourceTree = "<group>"; };
		F9D9D4B12A0A242000D39CAC /* LoginViewController.swift */ = {isa = PBXFileReference; lastKnownFileType = sourcecode.swift; path = LoginViewController.swift; sourceTree = "<group>"; };
		F9D9D4B42A0A242000D39CAC /* Base */ = {isa = PBXFileReference; lastKnownFileType = file.storyboard; name = Base; path = Base.lproj/Main.storyboard; sourceTree = "<group>"; };
		F9D9D4B62A0A242200D39CAC /* Assets.xcassets */ = {isa = PBXFileReference; lastKnownFileType = folder.assetcatalog; path = Assets.xcassets; sourceTree = "<group>"; };
		F9D9D4B92A0A242200D39CAC /* Base */ = {isa = PBXFileReference; lastKnownFileType = file.storyboard; name = Base; path = Base.lproj/LaunchScreen.storyboard; sourceTree = "<group>"; };
		F9D9D4BB2A0A242200D39CAC /* Info.plist */ = {isa = PBXFileReference; lastKnownFileType = text.plist.xml; path = Info.plist; sourceTree = "<group>"; };
		F9D9D4C12A0A63F800D39CAC /* WelcomeViewController.swift */ = {isa = PBXFileReference; lastKnownFileType = sourcecode.swift; path = WelcomeViewController.swift; sourceTree = "<group>"; };
		F9D9D4C32A10AC8500D39CAC /* EducationViewController.swift */ = {isa = PBXFileReference; lastKnownFileType = sourcecode.swift; path = EducationViewController.swift; sourceTree = "<group>"; };
		F9D9D4C52A10AC9400D39CAC /* TravelViewController.swift */ = {isa = PBXFileReference; lastKnownFileType = sourcecode.swift; path = TravelViewController.swift; sourceTree = "<group>"; };
		F9D9D4CC2A10B26800D39CAC /* Person.swift */ = {isa = PBXFileReference; lastKnownFileType = sourcecode.swift; path = Person.swift; sourceTree = "<group>"; };
/* End PBXFileReference section */

/* Begin PBXFrameworksBuildPhase section */
		F9D9D4A72A0A242000D39CAC /* Frameworks */ = {
			isa = PBXFrameworksBuildPhase;
			buildActionMask = 2147483647;
			files = (
			);
			runOnlyForDeploymentPostprocessing = 0;
		};
/* End PBXFrameworksBuildPhase section */

/* Begin PBXGroup section */
		F9D9D4A12A0A242000D39CAC = {
			isa = PBXGroup;
			children = (
				F9D9D4AC2A0A242000D39CAC /* LogInApp */,
				F9D9D4AB2A0A242000D39CAC /* Products */,
			);
			sourceTree = "<group>";
		};
		F9D9D4AB2A0A242000D39CAC /* Products */ = {
			isa = PBXGroup;
			children = (
				F9D9D4AA2A0A242000D39CAC /* LogInApp.app */,
			);
			name = Products;
			sourceTree = "<group>";
		};
		F9D9D4AC2A0A242000D39CAC /* LogInApp */ = {
			isa = PBXGroup;
			children = (
				F9D9D4CB2A10B08700D39CAC /* Models */,
				F9D9D4C72A10AF9C00D39CAC /* App */,
				F9D9D4C82A10AFBA00D39CAC /* ViewControllers */,
				F9D9D4C92A10AFFC00D39CAC /* StoryBoards */,
				F9D9D4CA2A10B02200D39CAC /* Resources */,
			);
			path = LogInApp;
			sourceTree = "<group>";
		};
		F9D9D4C72A10AF9C00D39CAC /* App */ = {
			isa = PBXGroup;
			children = (
				F9D9D4AD2A0A242000D39CAC /* AppDelegate.swift */,
				F9D9D4AF2A0A242000D39CAC /* SceneDelegate.swift */,
				F9D9D4BB2A0A242200D39CAC /* Info.plist */,
			);
			path = App;
			sourceTree = "<group>";
		};
		F9D9D4C82A10AFBA00D39CAC /* ViewControllers */ = {
			isa = PBXGroup;
			children = (
				F9D9D4B12A0A242000D39CAC /* LoginViewController.swift */,
				F9D9D4C12A0A63F800D39CAC /* WelcomeViewController.swift */,
				F9D9D4C32A10AC8500D39CAC /* EducationViewController.swift */,
				F9D9D4C52A10AC9400D39CAC /* TravelViewController.swift */,
			);
			path = ViewControllers;
			sourceTree = "<group>";
		};
		F9D9D4C92A10AFFC00D39CAC /* StoryBoards */ = {
			isa = PBXGroup;
			children = (
				F9D9D4B32A0A242000D39CAC /* Main.storyboard */,
				F9D9D4B82A0A242200D39CAC /* LaunchScreen.storyboard */,
			);
			path = StoryBoards;
			sourceTree = "<group>";
		};
		F9D9D4CA2A10B02200D39CAC /* Resources */ = {
			isa = PBXGroup;
			children = (
				F9D9D4B62A0A242200D39CAC /* Assets.xcassets */,
			);
			path = Resources;
			sourceTree = "<group>";
		};
		F9D9D4CB2A10B08700D39CAC /* Models */ = {
			isa = PBXGroup;
			children = (
				F9D9D4CC2A10B26800D39CAC /* Person.swift */,
			);
			path = Models;
			sourceTree = "<group>";
		};
/* End PBXGroup section */

/* Begin PBXNativeTarget section */
		F9D9D4A92A0A242000D39CAC /* LogInApp */ = {
			isa = PBXNativeTarget;
			buildConfigurationList = F9D9D4BE2A0A242200D39CAC /* Build configuration list for PBXNativeTarget "LogInApp" */;
			buildPhases = (
				F9D9D4A62A0A242000D39CAC /* Sources */,
				F9D9D4A72A0A242000D39CAC /* Frameworks */,
				F9D9D4A82A0A242000D39CAC /* Resources */,
			);
			buildRules = (
			);
			dependencies = (
			);
			name = LogInApp;
			productName = LogInApp;
			productReference = F9D9D4AA2A0A242000D39CAC /* LogInApp.app */;
			productType = "com.apple.product-type.application";
		};
/* End PBXNativeTarget section */

/* Begin PBXProject section */
		F9D9D4A22A0A242000D39CAC /* Project object */ = {
			isa = PBXProject;
			attributes = {
				BuildIndependentTargetsInParallel = 1;
				LastSwiftUpdateCheck = 1410;
				LastUpgradeCheck = 1410;
				TargetAttributes = {
					F9D9D4A92A0A242000D39CAC = {
						CreatedOnToolsVersion = 14.1;
					};
				};
			};
			buildConfigurationList = F9D9D4A52A0A242000D39CAC /* Build configuration list for PBXProject "LogInApp" */;
			compatibilityVersion = "Xcode 14.0";
			developmentRegion = en;
			hasScannedForEncodings = 0;
			knownRegions = (
				en,
				Base,
			);
			mainGroup = F9D9D4A12A0A242000D39CAC;
			productRefGroup = F9D9D4AB2A0A242000D39CAC /* Products */;
			projectDirPath = "";
			projectRoot = "";
			targets = (
				F9D9D4A92A0A242000D39CAC /* LogInApp */,
			);
		};
/* End PBXProject section */

/* Begin PBXResourcesBuildPhase section */
		F9D9D4A82A0A242000D39CAC /* Resources */ = {
			isa = PBXResourcesBuildPhase;
			buildActionMask = 2147483647;
			files = (
				F9D9D4BA2A0A242200D39CAC /* LaunchScreen.storyboard in Resources */,
				F9D9D4B72A0A242200D39CAC /* Assets.xcassets in Resources */,
				F9D9D4B52A0A242000D39CAC /* Main.storyboard in Resources */,
			);
			runOnlyForDeploymentPostprocessing = 0;
		};
/* End PBXResourcesBuildPhase section */

/* Begin PBXSourcesBuildPhase section */
		F9D9D4A62A0A242000D39CAC /* Sources */ = {
			isa = PBXSourcesBuildPhase;
			buildActionMask = 2147483647;
			files = (
				F9D9D4C62A10AC9400D39CAC /* TravelViewController.swift in Sources */,
				F9D9D4B22A0A242000D39CAC /* LoginViewController.swift in Sources */,
				F9D9D4C22A0A63F800D39CAC /* WelcomeViewController.swift in Sources */,
				F9D9D4AE2A0A242000D39CAC /* AppDelegate.swift in Sources */,
				F9D9D4CD2A10B26800D39CAC /* Person.swift in Sources */,
				F9D9D4C42A10AC8500D39CAC /* EducationViewController.swift in Sources */,
				F9D9D4B02A0A242000D39CAC /* SceneDelegate.swift in Sources */,
			);
			runOnlyForDeploymentPostprocessing = 0;
		};
/* End PBXSourcesBuildPhase section */

/* Begin PBXVariantGroup section */
		F9D9D4B32A0A242000D39CAC /* Main.storyboard */ = {
			isa = PBXVariantGroup;
			children = (
				F9D9D4B42A0A242000D39CAC /* Base */,
			);
			name = Main.storyboard;
			sourceTree = "<group>";
		};
		F9D9D4B82A0A242200D39CAC /* LaunchScreen.storyboard */ = {
			isa = PBXVariantGroup;
			children = (
				F9D9D4B92A0A242200D39CAC /* Base */,
			);
			name = LaunchScreen.storyboard;
			sourceTree = "<group>";
		};
/* End PBXVariantGroup section */

/* Begin XCBuildConfiguration section */
		F9D9D4BC2A0A242200D39CAC /* Debug */ = {
			isa = XCBuildConfiguration;
			buildSettings = {
				ALWAYS_SEARCH_USER_PATHS = NO;
				CLANG_ANALYZER_NONNULL = YES;
				CLANG_ANALYZER_NUMBER_OBJECT_CONVERSION = YES_AGGRESSIVE;
				CLANG_CXX_LANGUAGE_STANDARD = "gnu++20";
				CLANG_ENABLE_MODULES = YES;
				CLANG_ENABLE_OBJC_ARC = YES;
				CLANG_ENABLE_OBJC_WEAK = YES;
				CLANG_WARN_BLOCK_CAPTURE_AUTORELEASING = YES;
				CLANG_WARN_BOOL_CONVERSION = YES;
				CLANG_WARN_COMMA = YES;
				CLANG_WARN_CONSTANT_CONVERSION = YES;
				CLANG_WARN_DEPRECATED_OBJC_IMPLEMENTATIONS = YES;
				CLANG_WARN_DIRECT_OBJC_ISA_USAGE = YES_ERROR;
				CLANG_WARN_DOCUMENTATION_COMMENTS = YES;
				CLANG_WARN_EMPTY_BODY = YES;
				CLANG_WARN_ENUM_CONVERSION = YES;
				CLANG_WARN_INFINITE_RECURSION = YES;
				CLANG_WARN_INT_CONVERSION = YES;
				CLANG_WARN_NON_LITERAL_NULL_CONVERSION = YES;
				CLANG_WARN_OBJC_IMPLICIT_RETAIN_SELF = YES;
				CLANG_WARN_OBJC_LITERAL_CONVERSION = YES;
				CLANG_WARN_OBJC_ROOT_CLASS = YES_ERROR;
				CLANG_WARN_QUOTED_INCLUDE_IN_FRAMEWORK_HEADER = YES;
				CLANG_WARN_RANGE_LOOP_ANALYSIS = YES;
				CLANG_WARN_STRICT_PROTOTYPES = YES;
				CLANG_WARN_SUSPICIOUS_MOVE = YES;
				CLANG_WARN_UNGUARDED_AVAILABILITY = YES_AGGRESSIVE;
				CLANG_WARN_UNREACHABLE_CODE = YES;
				CLANG_WARN__DUPLICATE_METHOD_MATCH = YES;
				COPY_PHASE_STRIP = NO;
				DEBUG_INFORMATION_FORMAT = dwarf;
				ENABLE_STRICT_OBJC_MSGSEND = YES;
				ENABLE_TESTABILITY = YES;
				GCC_C_LANGUAGE_STANDARD = gnu11;
				GCC_DYNAMIC_NO_PIC = NO;
				GCC_NO_COMMON_BLOCKS = YES;
				GCC_OPTIMIZATION_LEVEL = 0;
				GCC_PREPROCESSOR_DEFINITIONS = (
					"DEBUG=1",
					"$(inherited)",
				);
				GCC_WARN_64_TO_32_BIT_CONVERSION = YES;
				GCC_WARN_ABOUT_RETURN_TYPE = YES_ERROR;
				GCC_WARN_UNDECLARED_SELECTOR = YES;
				GCC_WARN_UNINITIALIZED_AUTOS = YES_AGGRESSIVE;
				GCC_WARN_UNUSED_FUNCTION = YES;
				GCC_WARN_UNUSED_VARIABLE = YES;
				IPHONEOS_DEPLOYMENT_TARGET = 16.1;
				MTL_ENABLE_DEBUG_INFO = INCLUDE_SOURCE;
				MTL_FAST_MATH = YES;
				ONLY_ACTIVE_ARCH = YES;
				SDKROOT = iphoneos;
				SWIFT_ACTIVE_COMPILATION_CONDITIONS = DEBUG;
				SWIFT_OPTIMIZATION_LEVEL = "-Onone";
			};
			name = Debug;
		};
		F9D9D4BD2A0A242200D39CAC /* Release */ = {
			isa = XCBuildConfiguration;
			buildSettings = {
				ALWAYS_SEARCH_USER_PATHS = NO;
				CLANG_ANALYZER_NONNULL = YES;
				CLANG_ANALYZER_NUMBER_OBJECT_CONVERSION = YES_AGGRESSIVE;
				CLANG_CXX_LANGUAGE_STANDARD = "gnu++20";
				CLANG_ENABLE_MODULES = YES;
				CLANG_ENABLE_OBJC_ARC = YES;
				CLANG_ENABLE_OBJC_WEAK = YES;
				CLANG_WARN_BLOCK_CAPTURE_AUTORELEASING = YES;
				CLANG_WARN_BOOL_CONVERSION = YES;
				CLANG_WARN_COMMA = YES;
				CLANG_WARN_CONSTANT_CONVERSION = YES;
				CLANG_WARN_DEPRECATED_OBJC_IMPLEMENTATIONS = YES;
				CLANG_WARN_DIRECT_OBJC_ISA_USAGE = YES_ERROR;
				CLANG_WARN_DOCUMENTATION_COMMENTS = YES;
				CLANG_WARN_EMPTY_BODY = YES;
				CLANG_WARN_ENUM_CONVERSION = YES;
				CLANG_WARN_INFINITE_RECURSION = YES;
				CLANG_WARN_INT_CONVERSION = YES;
				CLANG_WARN_NON_LITERAL_NULL_CONVERSION = YES;
				CLANG_WARN_OBJC_IMPLICIT_RETAIN_SELF = YES;
				CLANG_WARN_OBJC_LITERAL_CONVERSION = YES;
				CLANG_WARN_OBJC_ROOT_CLASS = YES_ERROR;
				CLANG_WARN_QUOTED_INCLUDE_IN_FRAMEWORK_HEADER = YES;
				CLANG_WARN_RANGE_LOOP_ANALYSIS = YES;
				CLANG_WARN_STRICT_PROTOTYPES = YES;
				CLANG_WARN_SUSPICIOUS_MOVE = YES;
				CLANG_WARN_UNGUARDED_AVAILABILITY = YES_AGGRESSIVE;
				CLANG_WARN_UNREACHABLE_CODE = YES;
				CLANG_WARN__DUPLICATE_METHOD_MATCH = YES;
				COPY_PHASE_STRIP = NO;
				DEBUG_INFORMATION_FORMAT = "dwarf-with-dsym";
				ENABLE_NS_ASSERTIONS = NO;
				ENABLE_STRICT_OBJC_MSGSEND = YES;
				GCC_C_LANGUAGE_STANDARD = gnu11;
				GCC_NO_COMMON_BLOCKS = YES;
				GCC_WARN_64_TO_32_BIT_CONVERSION = YES;
				GCC_WARN_ABOUT_RETURN_TYPE = YES_ERROR;
				GCC_WARN_UNDECLARED_SELECTOR = YES;
				GCC_WARN_UNINITIALIZED_AUTOS = YES_AGGRESSIVE;
				GCC_WARN_UNUSED_FUNCTION = YES;
				GCC_WARN_UNUSED_VARIABLE = YES;
				IPHONEOS_DEPLOYMENT_TARGET = 16.1;
				MTL_ENABLE_DEBUG_INFO = NO;
				MTL_FAST_MATH = YES;
				SDKROOT = iphoneos;
				SWIFT_COMPILATION_MODE = wholemodule;
				SWIFT_OPTIMIZATION_LEVEL = "-O";
				VALIDATE_PRODUCT = YES;
			};
			name = Release;
		};
		F9D9D4BF2A0A242200D39CAC /* Debug */ = {
			isa = XCBuildConfiguration;
			buildSettings = {
				ASSETCATALOG_COMPILER_APPICON_NAME = AppIcon;
				ASSETCATALOG_COMPILER_GLOBAL_ACCENT_COLOR_NAME = AccentColor;
				CODE_SIGN_STYLE = Automatic;
				CURRENT_PROJECT_VERSION = 1;
				GENERATE_INFOPLIST_FILE = YES;
				INFOPLIST_FILE = LogInApp/App/Info.plist;
				INFOPLIST_KEY_UIApplicationSupportsIndirectInputEvents = YES;
				INFOPLIST_KEY_UILaunchStoryboardName = LaunchScreen;
				INFOPLIST_KEY_UIMainStoryboardFile = Main;
				INFOPLIST_KEY_UISupportedInterfaceOrientations_iPad = "UIInterfaceOrientationPortrait UIInterfaceOrientationPortraitUpsideDown UIInterfaceOrientationLandscapeLeft UIInterfaceOrientationLandscapeRight";
				INFOPLIST_KEY_UISupportedInterfaceOrientations_iPhone = "UIInterfaceOrientationPortrait UIInterfaceOrientationLandscapeLeft UIInterfaceOrientationLandscapeRight";
				LD_RUNPATH_SEARCH_PATHS = (
					"$(inherited)",
					"@executable_path/Frameworks",
				);
				MARKETING_VERSION = 1.0;
				PRODUCT_BUNDLE_IDENTIFIER = Marikavka.LogInApp;
				PRODUCT_NAME = "$(TARGET_NAME)";
				SUPPORTED_PLATFORMS = "iphoneos iphonesimulator";
				SUPPORTS_MACCATALYST = NO;
				SUPPORTS_MAC_DESIGNED_FOR_IPHONE_IPAD = NO;
				SWIFT_EMIT_LOC_STRINGS = YES;
				SWIFT_VERSION = 5.0;
				TARGETED_DEVICE_FAMILY = 1;
			};
			name = Debug;
		};
		F9D9D4C02A0A242200D39CAC /* Release */ = {
			isa = XCBuildConfiguration;
			buildSettings = {
				ASSETCATALOG_COMPILER_APPICON_NAME = AppIcon;
				ASSETCATALOG_COMPILER_GLOBAL_ACCENT_COLOR_NAME = AccentColor;
				CODE_SIGN_STYLE = Automatic;
				CURRENT_PROJECT_VERSION = 1;
				GENERATE_INFOPLIST_FILE = YES;
				INFOPLIST_FILE = LogInApp/App/Info.plist;
				INFOPLIST_KEY_UIApplicationSupportsIndirectInputEvents = YES;
				INFOPLIST_KEY_UILaunchStoryboardName = LaunchScreen;
				INFOPLIST_KEY_UIMainStoryboardFile = Main;
				INFOPLIST_KEY_UISupportedInterfaceOrientations_iPad = "UIInterfaceOrientationPortrait UIInterfaceOrientationPortraitUpsideDown UIInterfaceOrientationLandscapeLeft UIInterfaceOrientationLandscapeRight";
				INFOPLIST_KEY_UISupportedInterfaceOrientations_iPhone = "UIInterfaceOrientationPortrait UIInterfaceOrientationLandscapeLeft UIInterfaceOrientationLandscapeRight";
				LD_RUNPATH_SEARCH_PATHS = (
					"$(inherited)",
					"@executable_path/Frameworks",
				);
				MARKETING_VERSION = 1.0;
				PRODUCT_BUNDLE_IDENTIFIER = Marikavka.LogInApp;
				PRODUCT_NAME = "$(TARGET_NAME)";
				SUPPORTED_PLATFORMS = "iphoneos iphonesimulator";
				SUPPORTS_MACCATALYST = NO;
				SUPPORTS_MAC_DESIGNED_FOR_IPHONE_IPAD = NO;
				SWIFT_EMIT_LOC_STRINGS = YES;
				SWIFT_VERSION = 5.0;
				TARGETED_DEVICE_FAMILY = 1;
			};
			name = Release;
		};
/* End XCBuildConfiguration section */

/* Begin XCConfigurationList section */
		F9D9D4A52A0A242000D39CAC /* Build configuration list for PBXProject "LogInApp" */ = {
			isa = XCConfigurationList;
			buildConfigurations = (
				F9D9D4BC2A0A242200D39CAC /* Debug */,
				F9D9D4BD2A0A242200D39CAC /* Release */,
			);
			defaultConfigurationIsVisible = 0;
			defaultConfigurationName = Release;
		};
		F9D9D4BE2A0A242200D39CAC /* Build configuration list for PBXNativeTarget "LogInApp" */ = {
			isa = XCConfigurationList;
			buildConfigurations = (
				F9D9D4BF2A0A242200D39CAC /* Debug */,
				F9D9D4C02A0A242200D39CAC /* Release */,
			);
			defaultConfigurationIsVisible = 0;
			defaultConfigurationName = Release;
		};
/* End XCConfigurationList section */
	};
	rootObject = F9D9D4A22A0A242000D39CAC /* Project object */;
}
